
Microsoft Visual Studio Solution File, Format Version 12.00
# Visual Studio Version 17
VisualStudioVersion = 17.14.36414.22
MinimumVisualStudioVersion = 10.0.40219.1
Project("{2150E333-8FDC-42A3-9474-1A3956D46DE8}") = "task0", "task0", "{02EA681E-C7D8-13C7-8484-4AC65E1B71E8}"
EndProject
Project("{FAE04EC0-301F-11D3-BF4B-00C04F79EFBC}") = "Tyuiu.ZamyakinaOA.Sprint6.Task0.V13.Lib", "Tyuiu.ZamyakinaOA.Sprint6.Task0.V13.Lib\Tyuiu.ZamyakinaOA.Sprint6.Task0.V13.Lib.csproj", "{D091418F-2BCC-47AF-B71A-4232D3AA55B0}"
EndProject
Project("{FAE04EC0-301F-11D3-BF4B-00C04F79EFBC}") = "Tyuiu.ZamyakinaOA.Sprint6.Task0.V13.Test", "Tyuiu.ZamyakinaOA.Sprint6.Task0.V13.Test\Tyuiu.ZamyakinaOA.Sprint6.Task0.V13.Test.csproj", "{7E9E22CE-2707-4249-9EE9-FD7FB2A749D6}"
EndProject
Project("{FAE04EC0-301F-11D3-BF4B-00C04F79EFBC}") = "Tyuiu.ZamyakinaOA.Sprint6.Task0.V13", "Tyuiu.ZamyakinaOA.Sprint6.Task0.V13\Tyuiu.ZamyakinaOA.Sprint6.Task0.V13.csproj", "{D1B26934-4DCB-4318-AF06-A71DD4B83575}"
EndProject
Project("{2150E333-8FDC-42A3-9474-1A3956D46DE8}") = "task1", "task1", "{A8B0FAA1-6DE5-4C7B-8E6E-86D58E8279B0}"
EndProject
Project("{FAE04EC0-301F-11D3-BF4B-00C04F79EFBC}") = "Tyuiu.ZamyakinaOA.Sprint6.Task1.V8", "Tyuiu.ZamyakinaOA.Sprint6.Task1.V8\Tyuiu.ZamyakinaOA.Sprint6.Task1.V8.csproj", "{276EB62D-3D1E-4273-BC9B-664CA820C7D6}"
EndProject
Project("{FAE04EC0-301F-11D3-BF4B-00C04F79EFBC}") = "Tyuiu.ZamyakinaOA.Sprint6.Task1.V8.Lib", "Tyuiu.ZamyakinaOA.Sprint6.Task1.V8.Lib\Tyuiu.ZamyakinaOA.Sprint6.Task1.V8.Lib.csproj", "{4A2F5787-7987-4A89-AD65-346E8AE76B65}"
EndProject
Project("{FAE04EC0-301F-11D3-BF4B-00C04F79EFBC}") = "Tyuiu.ZamyakinaOA.Sprint6.Task1.V8.Test", "Tyuiu.ZamyakinaOA.Sprint6.Task1.V8.Test\Tyuiu.ZamyakinaOA.Sprint6.Task1.V8.Test.csproj", "{7B895362-D222-4F23-A510-FD9149194F67}"
EndProject
Project("{2150E333-8FDC-42A3-9474-1A3956D46DE8}") = "task2", "task2", "{2E0FC219-CC47-47E5-AA6F-A1C312C406EF}"
EndProject
Project("{FAE04EC0-301F-11D3-BF4B-00C04F79EFBC}") = "Tyuiu.ZamyakinaOA.Sprint6.Task2.V9", "Tyuiu.ZamyakinaOA.Sprint6.Task2.V9\Tyuiu.ZamyakinaOA.Sprint6.Task2.V9.csproj", "{4B252EDC-8EA3-4C2B-9D0E-4DD439713B7B}"
EndProject
Project("{FAE04EC0-301F-11D3-BF4B-00C04F79EFBC}") = "Tyuiu.ZamyakinaOA.Sprint6.Task2.V9.Lib", "Tyuiu.ZamyakinaOA.Sprint6.Task2.V9.Lib\Tyuiu.ZamyakinaOA.Sprint6.Task2.V9.Lib.csproj", "{DD321141-1E7C-4C7A-B452-BE9F8143386B}"
EndProject
Project("{FAE04EC0-301F-11D3-BF4B-00C04F79EFBC}") = "Tyuiu.ZamyakinaOA.Sprint6.Task2.V9.Test", "Tyuiu.ZamyakinaOA.Sprint6.Task2.V9.Test\Tyuiu.ZamyakinaOA.Sprint6.Task2.V9.Test.csproj", "{201F5FB4-2DB6-4F00-AE37-66CF9DE24194}"
EndProject
Project("{2150E333-8FDC-42A3-9474-1A3956D46DE8}") = "task3", "task3", "{FA4E6AC1-54D5-4B5C-B6B2-1559A985A4D1}"
EndProject
Project("{FAE04EC0-301F-11D3-BF4B-00C04F79EFBC}") = "Tyuiu.ZamyakinaOA.Sprint6.Task3.V25", "Tyuiu.ZamyakinaOA.Sprint6.Task3.V25\Tyuiu.ZamyakinaOA.Sprint6.Task3.V25.csproj", "{56DDB0B1-CC93-4696-AA86-125058060C2E}"
EndProject
Project("{FAE04EC0-301F-11D3-BF4B-00C04F79EFBC}") = "Tyuiu.ZamyakinaOA.Sprint6.Task3.V25.Lib", "Tyuiu.ZamyakinaOA.Sprint6.Task3.V25.Lib\Tyuiu.ZamyakinaOA.Sprint6.Task3.V25.Lib.csproj", "{4DF89647-F098-42B3-9C6D-C91FF72FAA49}"
EndProject
Project("{FAE04EC0-301F-11D3-BF4B-00C04F79EFBC}") = "Tyuiu.ZamyakinaOA.Sprint6.Task3.V25.Test", "Tyuiu.ZamyakinaOA.Sprint6.Task3.V25.Test\Tyuiu.ZamyakinaOA.Sprint6.Task3.V25.Test.csproj", "{50FDFFFB-1270-4752-8951-CF0D7A14EC8F}"
EndProject
Project("{2150E333-8FDC-42A3-9474-1A3956D46DE8}") = "task4", "task4", "{94420A4B-EF98-4777-855C-F2451111672F}"
EndProject
Project("{FAE04EC0-301F-11D3-BF4B-00C04F79EFBC}") = "Tyuiu.ZamyakinaOA.Sprint6.Task4.V24", "Tyuiu.ZamyakinaOA.Sprint6.Task4.V24\Tyuiu.ZamyakinaOA.Sprint6.Task4.V24.csproj", "{20077FD0-373B-4934-9575-07751BA6C165}"
EndProject
Project("{FAE04EC0-301F-11D3-BF4B-00C04F79EFBC}") = "Tyuiu.ZamyakinaOA.Sprint6.Task4.V24.Lib", "Tyuiu.ZamyakinaOA.Sprint6.Task4.V24.Lib\Tyuiu.ZamyakinaOA.Sprint6.Task4.V24.Lib.csproj", "{BC483039-8C3A-4B80-AA23-177192158A6E}"
EndProject
Project("{FAE04EC0-301F-11D3-BF4B-00C04F79EFBC}") = "Tyuiu.ZamyakinaOA.Sprint6.Task4.V24.Test", "Tyuiu.ZamyakinaOA.Sprint6.Task4.V24.Test\Tyuiu.ZamyakinaOA.Sprint6.Task4.V24.Test.csproj", "{686B59F8-E011-48A6-9FC5-6A92DC0FA104}"
EndProject
Project("{2150E333-8FDC-42A3-9474-1A3956D46DE8}") = "task5", "task5", "{F7B53F2D-1DF6-4245-A156-C34F3B403129}"
EndProject
Project("{FAE04EC0-301F-11D3-BF4B-00C04F79EFBC}") = "Tyuiu.ZamyakinaOA.Sprint6.Task5.V23", "Tyuiu.ZamyakinaOA.Sprint6.Task5.V23\Tyuiu.ZamyakinaOA.Sprint6.Task5.V23.csproj", "{773479C9-A24F-4912-A83A-D81A251FB01D}"
EndProject
Project("{FAE04EC0-301F-11D3-BF4B-00C04F79EFBC}") = "Tyuiu.ZamyakinaOA.Sprint6.Task5.V23.Lib", "Tyuiu.ZamyakinaOA.Sprint6.Task5.V23.Lib\Tyuiu.ZamyakinaOA.Sprint6.Task5.V23.Lib.csproj", "{0C5EC478-9D61-4DC9-A55A-FA7F8048966D}"
EndProject
Project("{FAE04EC0-301F-11D3-BF4B-00C04F79EFBC}") = "Tyuiu.ZamyakinaOA.Sprint6.Task5.V23.Test", "Tyuiu.ZamyakinaOA.Sprint6.Task5.V23.Test\Tyuiu.ZamyakinaOA.Sprint6.Task5.V23.Test.csproj", "{7AE91A4F-8D57-45B1-972B-A4A3D08B9A60}"
EndProject
Global
	GlobalSection(SolutionConfigurationPlatforms) = preSolution
		Debug|Any CPU = Debug|Any CPU
		Release|Any CPU = Release|Any CPU
	EndGlobalSection
	GlobalSection(ProjectConfigurationPlatforms) = postSolution
		{D091418F-2BCC-47AF-B71A-4232D3AA55B0}.Debug|Any CPU.ActiveCfg = Debug|Any CPU
		{D091418F-2BCC-47AF-B71A-4232D3AA55B0}.Debug|Any CPU.Build.0 = Debug|Any CPU
		{D091418F-2BCC-47AF-B71A-4232D3AA55B0}.Release|Any CPU.ActiveCfg = Release|Any CPU
		{D091418F-2BCC-47AF-B71A-4232D3AA55B0}.Release|Any CPU.Build.0 = Release|Any CPU
		{7E9E22CE-2707-4249-9EE9-FD7FB2A749D6}.Debug|Any CPU.ActiveCfg = Debug|Any CPU
		{7E9E22CE-2707-4249-9EE9-FD7FB2A749D6}.Debug|Any CPU.Build.0 = Debug|Any CPU
		{7E9E22CE-2707-4249-9EE9-FD7FB2A749D6}.Release|Any CPU.ActiveCfg = Release|Any CPU
		{7E9E22CE-2707-4249-9EE9-FD7FB2A749D6}.Release|Any CPU.Build.0 = Release|Any CPU
		{D1B26934-4DCB-4318-AF06-A71DD4B83575}.Debug|Any CPU.ActiveCfg = Debug|Any CPU
		{D1B26934-4DCB-4318-AF06-A71DD4B83575}.Debug|Any CPU.Build.0 = Debug|Any CPU
		{D1B26934-4DCB-4318-AF06-A71DD4B83575}.Release|Any CPU.ActiveCfg = Release|Any CPU
		{D1B26934-4DCB-4318-AF06-A71DD4B83575}.Release|Any CPU.Build.0 = Release|Any CPU
		{276EB62D-3D1E-4273-BC9B-664CA820C7D6}.Debug|Any CPU.ActiveCfg = Debug|Any CPU
		{276EB62D-3D1E-4273-BC9B-664CA820C7D6}.Debug|Any CPU.Build.0 = Debug|Any CPU
		{276EB62D-3D1E-4273-BC9B-664CA820C7D6}.Release|Any CPU.ActiveCfg = Release|Any CPU
		{276EB62D-3D1E-4273-BC9B-664CA820C7D6}.Release|Any CPU.Build.0 = Release|Any CPU
		{4A2F5787-7987-4A89-AD65-346E8AE76B65}.Debug|Any CPU.ActiveCfg = Debug|Any CPU
		{4A2F5787-7987-4A89-AD65-346E8AE76B65}.Debug|Any CPU.Build.0 = Debug|Any CPU
		{4A2F5787-7987-4A89-AD65-346E8AE76B65}.Release|Any CPU.ActiveCfg = Release|Any CPU
		{4A2F5787-7987-4A89-AD65-346E8AE76B65}.Release|Any CPU.Build.0 = Release|Any CPU
		{7B895362-D222-4F23-A510-FD9149194F67}.Debug|Any CPU.ActiveCfg = Debug|Any CPU
		{7B895362-D222-4F23-A510-FD9149194F67}.Debug|Any CPU.Build.0 = Debug|Any CPU
		{7B895362-D222-4F23-A510-FD9149194F67}.Release|Any CPU.ActiveCfg = Release|Any CPU
		{7B895362-D222-4F23-A510-FD9149194F67}.Release|Any CPU.Build.0 = Release|Any CPU
		{4B252EDC-8EA3-4C2B-9D0E-4DD439713B7B}.Debug|Any CPU.ActiveCfg = Debug|Any CPU
		{4B252EDC-8EA3-4C2B-9D0E-4DD439713B7B}.Debug|Any CPU.Build.0 = Debug|Any CPU
		{4B252EDC-8EA3-4C2B-9D0E-4DD439713B7B}.Release|Any CPU.ActiveCfg = Release|Any CPU
		{4B252EDC-8EA3-4C2B-9D0E-4DD439713B7B}.Release|Any CPU.Build.0 = Release|Any CPU
		{DD321141-1E7C-4C7A-B452-BE9F8143386B}.Debug|Any CPU.ActiveCfg = Debug|Any CPU
		{DD321141-1E7C-4C7A-B452-BE9F8143386B}.Debug|Any CPU.Build.0 = Debug|Any CPU
		{DD321141-1E7C-4C7A-B452-BE9F8143386B}.Release|Any CPU.ActiveCfg = Release|Any CPU
		{DD321141-1E7C-4C7A-B452-BE9F8143386B}.Release|Any CPU.Build.0 = Release|Any CPU
		{201F5FB4-2DB6-4F00-AE37-66CF9DE24194}.Debug|Any CPU.ActiveCfg = Debug|Any CPU
		{201F5FB4-2DB6-4F00-AE37-66CF9DE24194}.Debug|Any CPU.Build.0 = Debug|Any CPU
		{201F5FB4-2DB6-4F00-AE37-66CF9DE24194}.Release|Any CPU.ActiveCfg = Release|Any CPU
		{201F5FB4-2DB6-4F00-AE37-66CF9DE24194}.Release|Any CPU.Build.0 = Release|Any CPU
		{56DDB0B1-CC93-4696-AA86-125058060C2E}.Debug|Any CPU.ActiveCfg = Debug|Any CPU
		{56DDB0B1-CC93-4696-AA86-125058060C2E}.Debug|Any CPU.Build.0 = Debug|Any CPU
		{56DDB0B1-CC93-4696-AA86-125058060C2E}.Release|Any CPU.ActiveCfg = Release|Any CPU
		{56DDB0B1-CC93-4696-AA86-125058060C2E}.Release|Any CPU.Build.0 = Release|Any CPU
		{4DF89647-F098-42B3-9C6D-C91FF72FAA49}.Debug|Any CPU.ActiveCfg = Debug|Any CPU
		{4DF89647-F098-42B3-9C6D-C91FF72FAA49}.Debug|Any CPU.Build.0 = Debug|Any CPU
		{4DF89647-F098-42B3-9C6D-C91FF72FAA49}.Release|Any CPU.ActiveCfg = Release|Any CPU
		{4DF89647-F098-42B3-9C6D-C91FF72FAA49}.Release|Any CPU.Build.0 = Release|Any CPU
		{50FDFFFB-1270-4752-8951-CF0D7A14EC8F}.Debug|Any CPU.ActiveCfg = Debug|Any CPU
		{50FDFFFB-1270-4752-8951-CF0D7A14EC8F}.Debug|Any CPU.Build.0 = Debug|Any CPU
		{50FDFFFB-1270-4752-8951-CF0D7A14EC8F}.Release|Any CPU.ActiveCfg = Release|Any CPU
		{50FDFFFB-1270-4752-8951-CF0D7A14EC8F}.Release|Any CPU.Build.0 = Release|Any CPU
		{20077FD0-373B-4934-9575-07751BA6C165}.Debug|Any CPU.ActiveCfg = Debug|Any CPU
		{20077FD0-373B-4934-9575-07751BA6C165}.Debug|Any CPU.Build.0 = Debug|Any CPU
		{20077FD0-373B-4934-9575-07751BA6C165}.Release|Any CPU.ActiveCfg = Release|Any CPU
		{20077FD0-373B-4934-9575-07751BA6C165}.Release|Any CPU.Build.0 = Release|Any CPU
		{BC483039-8C3A-4B80-AA23-177192158A6E}.Debug|Any CPU.ActiveCfg = Debug|Any CPU
		{BC483039-8C3A-4B80-AA23-177192158A6E}.Debug|Any CPU.Build.0 = Debug|Any CPU
		{BC483039-8C3A-4B80-AA23-177192158A6E}.Release|Any CPU.ActiveCfg = Release|Any CPU
		{BC483039-8C3A-4B80-AA23-177192158A6E}.Release|Any CPU.Build.0 = Release|Any CPU
		{686B59F8-E011-48A6-9FC5-6A92DC0FA104}.Debug|Any CPU.ActiveCfg = Debug|Any CPU
		{686B59F8-E011-48A6-9FC5-6A92DC0FA104}.Debug|Any CPU.Build.0 = Debug|Any CPU
		{686B59F8-E011-48A6-9FC5-6A92DC0FA104}.Release|Any CPU.ActiveCfg = Release|Any CPU
		{686B59F8-E011-48A6-9FC5-6A92DC0FA104}.Release|Any CPU.Build.0 = Release|Any CPU
		{773479C9-A24F-4912-A83A-D81A251FB01D}.Debug|Any CPU.ActiveCfg = Debug|Any CPU
		{773479C9-A24F-4912-A83A-D81A251FB01D}.Debug|Any CPU.Build.0 = Debug|Any CPU
		{773479C9-A24F-4912-A83A-D81A251FB01D}.Release|Any CPU.ActiveCfg = Release|Any CPU
		{773479C9-A24F-4912-A83A-D81A251FB01D}.Release|Any CPU.Build.0 = Release|Any CPU
		{0C5EC478-9D61-4DC9-A55A-FA7F8048966D}.Debug|Any CPU.ActiveCfg = Debug|Any CPU
		{0C5EC478-9D61-4DC9-A55A-FA7F8048966D}.Debug|Any CPU.Build.0 = Debug|Any CPU
		{0C5EC478-9D61-4DC9-A55A-FA7F8048966D}.Release|Any CPU.ActiveCfg = Release|Any CPU
		{0C5EC478-9D61-4DC9-A55A-FA7F8048966D}.Release|Any CPU.Build.0 = Release|Any CPU
		{7AE91A4F-8D57-45B1-972B-A4A3D08B9A60}.Debug|Any CPU.ActiveCfg = Debug|Any CPU
		{7AE91A4F-8D57-45B1-972B-A4A3D08B9A60}.Debug|Any CPU.Build.0 = Debug|Any CPU
		{7AE91A4F-8D57-45B1-972B-A4A3D08B9A60}.Release|Any CPU.ActiveCfg = Release|Any CPU
		{7AE91A4F-8D57-45B1-972B-A4A3D08B9A60}.Release|Any CPU.Build.0 = Release|Any CPU
	EndGlobalSection
	GlobalSection(SolutionProperties) = preSolution
		HideSolutionNode = FALSE
	EndGlobalSection
	GlobalSection(NestedProjects) = preSolution
		{D091418F-2BCC-47AF-B71A-4232D3AA55B0} = {02EA681E-C7D8-13C7-8484-4AC65E1B71E8}
		{7E9E22CE-2707-4249-9EE9-FD7FB2A749D6} = {02EA681E-C7D8-13C7-8484-4AC65E1B71E8}
		{D1B26934-4DCB-4318-AF06-A71DD4B83575} = {02EA681E-C7D8-13C7-8484-4AC65E1B71E8}
		{276EB62D-3D1E-4273-BC9B-664CA820C7D6} = {A8B0FAA1-6DE5-4C7B-8E6E-86D58E8279B0}
		{4A2F5787-7987-4A89-AD65-346E8AE76B65} = {A8B0FAA1-6DE5-4C7B-8E6E-86D58E8279B0}
		{7B895362-D222-4F23-A510-FD9149194F67} = {A8B0FAA1-6DE5-4C7B-8E6E-86D58E8279B0}
		{4B252EDC-8EA3-4C2B-9D0E-4DD439713B7B} = {2E0FC219-CC47-47E5-AA6F-A1C312C406EF}
		{DD321141-1E7C-4C7A-B452-BE9F8143386B} = {2E0FC219-CC47-47E5-AA6F-A1C312C406EF}
		{201F5FB4-2DB6-4F00-AE37-66CF9DE24194} = {2E0FC219-CC47-47E5-AA6F-A1C312C406EF}
		{56DDB0B1-CC93-4696-AA86-125058060C2E} = {FA4E6AC1-54D5-4B5C-B6B2-1559A985A4D1}
		{4DF89647-F098-42B3-9C6D-C91FF72FAA49} = {FA4E6AC1-54D5-4B5C-B6B2-1559A985A4D1}
		{50FDFFFB-1270-4752-8951-CF0D7A14EC8F} = {FA4E6AC1-54D5-4B5C-B6B2-1559A985A4D1}
		{20077FD0-373B-4934-9575-07751BA6C165} = {94420A4B-EF98-4777-855C-F2451111672F}
		{BC483039-8C3A-4B80-AA23-177192158A6E} = {94420A4B-EF98-4777-855C-F2451111672F}
		{686B59F8-E011-48A6-9FC5-6A92DC0FA104} = {94420A4B-EF98-4777-855C-F2451111672F}
		{773479C9-A24F-4912-A83A-D81A251FB01D} = {F7B53F2D-1DF6-4245-A156-C34F3B403129}
		{0C5EC478-9D61-4DC9-A55A-FA7F8048966D} = {F7B53F2D-1DF6-4245-A156-C34F3B403129}
		{7AE91A4F-8D57-45B1-972B-A4A3D08B9A60} = {F7B53F2D-1DF6-4245-A156-C34F3B403129}
	EndGlobalSection
	GlobalSection(ExtensibilityGlobals) = postSolution
		SolutionGuid = {59A9B3C0-C41C-4265-A0FA-320677B829CB}
	EndGlobalSection
EndGlobal
